
Microsoft Visual Studio Solution File, Format Version 12.00
# Visual Studio Version 17
VisualStudioVersion = 17.4.33110.190
MinimumVisualStudioVersion = 10.0.40219.1
Project("{9A19103F-16F7-4668-BE54-9A1E7A4F7556}") = "O2Kml", "O2Kml.csproj", "{06CC3A2F-8682-4C0C-A496-3E5CB8206D3F}"
EndProject
Project("{FAE04EC0-301F-11D3-BF4B-00C04F79EFBC}") = "UnitTests", "UnitTests\UnitTests.csproj", "{641EF5CB-5E78-49B8-8382-6BC9A0F98B4F}"
EndProject
Global
	GlobalSection(SolutionConfigurationPlatforms) = preSolution
		Debug|Any CPU = Debug|Any CPU
		Release|Any CPU = Release|Any CPU
	EndGlobalSection
	GlobalSection(ProjectConfigurationPlatforms) = postSolution
		{06CC3A2F-8682-4C0C-A496-3E5CB8206D3F}.Debug|Any CPU.ActiveCfg = Debug|Any CPU
		{06CC3A2F-8682-4C0C-A496-3E5CB8206D3F}.Debug|Any CPU.Build.0 = Debug|Any CPU
		{06CC3A2F-8682-4C0C-A496-3E5CB8206D3F}.Release|Any CPU.ActiveCfg = Release|Any CPU
		{06CC3A2F-8682-4C0C-A496-3E5CB8206D3F}.Release|Any CPU.Build.0 = Release|Any CPU
		{641EF5CB-5E78-49B8-8382-6BC9A0F98B4F}.Debug|Any CPU.ActiveCfg = Debug|Any CPU
		{641EF5CB-5E78-49B8-8382-6BC9A0F98B4F}.Debug|Any CPU.Build.0 = Debug|Any CPU
		{641EF5CB-5E78-49B8-8382-6BC9A0F98B4F}.Release|Any CPU.ActiveCfg = Release|Any CPU
		{641EF5CB-5E78-49B8-8382-6BC9A0F98B4F}.Release|Any CPU.Build.0 = Release|Any CPU
	EndGlobalSection
	GlobalSection(SolutionProperties) = preSolution
		HideSolutionNode = FALSE
	EndGlobalSection
	GlobalSection(ExtensibilityGlobals) = postSolution
		SolutionGuid = {98E81266-46D5-4180-9121-AFD7676F270C}
	EndGlobalSection
EndGlobal
